
Microsoft Visual Studio Solution File, Format Version 12.00
# Visual Studio Version 16
VisualStudioVersion = 16.0.29609.76
MinimumVisualStudioVersion = 10.0.40219.1
Project("{FAE04EC0-301F-11D3-BF4B-00C04F79EFBC}") = "apiB", "apiB\apiB.csproj", "{832C04C2-2E8B-455E-BA2E-5415C3244583}"
EndProject
Global
	GlobalSection(SolutionConfigurationPlatforms) = preSolution
		Debug|Any CPU = Debug|Any CPU
		Release|Any CPU = Release|Any CPU
	EndGlobalSection
	GlobalSection(ProjectConfigurationPlatforms) = postSolution
		{832C04C2-2E8B-455E-BA2E-5415C3244583}.Debug|Any CPU.ActiveCfg = Debug|Any CPU
		{832C04C2-2E8B-455E-BA2E-5415C3244583}.Debug|Any CPU.Build.0 = Debug|Any CPU
		{832C04C2-2E8B-455E-BA2E-5415C3244583}.Release|Any CPU.ActiveCfg = Release|Any CPU
		{832C04C2-2E8B-455E-BA2E-5415C3244583}.Release|Any CPU.Build.0 = Release|Any CPU
	EndGlobalSection
	GlobalSection(SolutionProperties) = preSolution
		HideSolutionNode = FALSE
	EndGlobalSection
	GlobalSection(ExtensibilityGlobals) = postSolution
		SolutionGuid = {E1146004-F74C-4BC3-AC18-2B11759EF335}
	EndGlobalSection
EndGlobal
